
Microsoft Visual Studio Solution File, Format Version 12.00
# Visual Studio Version 16
VisualStudioVersion = 16.0.29905.134
MinimumVisualStudioVersion = 10.0.40219.1
Project("{FAE04EC0-301F-11D3-BF4B-00C04F79EFBC}") = "OOPwork1", "OOPwork1\OOPwork1.csproj", "{4A8EED8B-3BDF-45DD-B6E8-D1BA19C4E440}"
EndProject
Global
	GlobalSection(SolutionConfigurationPlatforms) = preSolution
		Debug|Any CPU = Debug|Any CPU
		Release|Any CPU = Release|Any CPU
	EndGlobalSection
	GlobalSection(ProjectConfigurationPlatforms) = postSolution
		{4A8EED8B-3BDF-45DD-B6E8-D1BA19C4E440}.Debug|Any CPU.ActiveCfg = Debug|Any CPU
		{4A8EED8B-3BDF-45DD-B6E8-D1BA19C4E440}.Debug|Any CPU.Build.0 = Debug|Any CPU
		{4A8EED8B-3BDF-45DD-B6E8-D1BA19C4E440}.Release|Any CPU.ActiveCfg = Release|Any CPU
		{4A8EED8B-3BDF-45DD-B6E8-D1BA19C4E440}.Release|Any CPU.Build.0 = Release|Any CPU
	EndGlobalSection
	GlobalSection(SolutionProperties) = preSolution
		HideSolutionNode = FALSE
	EndGlobalSection
	GlobalSection(ExtensibilityGlobals) = postSolution
		SolutionGuid = {59ED2678-DC90-4342-B0DD-D692102F2948}
	EndGlobalSection
EndGlobal
